
Microsoft Visual Studio Solution File, Format Version 12.00
# Visual Studio Version 17
VisualStudioVersion = 17.0.31919.166
MinimumVisualStudioVersion = 10.0.40219.1
Project("{FAE04EC0-301F-11D3-BF4B-00C04F79EFBC}") = "ConsoleApp1", "ConsoleApp1\ConsoleApp1.csproj", "{23751C74-024A-496D-BB44-D3764DF6D584}"
EndProject
Global
	GlobalSection(SolutionConfigurationPlatforms) = preSolution
		Debug|Any CPU = Debug|Any CPU
		Release|Any CPU = Release|Any CPU
	EndGlobalSection
	GlobalSection(ProjectConfigurationPlatforms) = postSolution
		{23751C74-024A-496D-BB44-D3764DF6D584}.Debug|Any CPU.ActiveCfg = Debug|Any CPU
		{23751C74-024A-496D-BB44-D3764DF6D584}.Debug|Any CPU.Build.0 = Debug|Any CPU
		{23751C74-024A-496D-BB44-D3764DF6D584}.Release|Any CPU.ActiveCfg = Release|Any CPU
		{23751C74-024A-496D-BB44-D3764DF6D584}.Release|Any CPU.Build.0 = Release|Any CPU
	EndGlobalSection
	GlobalSection(SolutionProperties) = preSolution
		HideSolutionNode = FALSE
	EndGlobalSection
	GlobalSection(ExtensibilityGlobals) = postSolution
		SolutionGuid = {AA331DAA-FF61-463D-92F7-9696E5CB9B74}
	EndGlobalSection
EndGlobal
