
Microsoft Visual Studio Solution File, Format Version 12.00
# Visual Studio Version 17
VisualStudioVersion = 17.0.31919.166
MinimumVisualStudioVersion = 10.0.40219.1
Project("{FAE04EC0-301F-11D3-BF4B-00C04F79EFBC}") = "DailyAlgorithms", "DailyAlgorithms\DailyAlgorithms.csproj", "{B9156976-6255-4DCA-85A9-B9C4FCD0FB2D}"
EndProject
Global
	GlobalSection(SolutionConfigurationPlatforms) = preSolution
		Debug|Any CPU = Debug|Any CPU
		Release|Any CPU = Release|Any CPU
	EndGlobalSection
	GlobalSection(ProjectConfigurationPlatforms) = postSolution
		{B9156976-6255-4DCA-85A9-B9C4FCD0FB2D}.Debug|Any CPU.ActiveCfg = Debug|Any CPU
		{B9156976-6255-4DCA-85A9-B9C4FCD0FB2D}.Debug|Any CPU.Build.0 = Debug|Any CPU
		{B9156976-6255-4DCA-85A9-B9C4FCD0FB2D}.Release|Any CPU.ActiveCfg = Release|Any CPU
		{B9156976-6255-4DCA-85A9-B9C4FCD0FB2D}.Release|Any CPU.Build.0 = Release|Any CPU
	EndGlobalSection
	GlobalSection(SolutionProperties) = preSolution
		HideSolutionNode = FALSE
	EndGlobalSection
	GlobalSection(ExtensibilityGlobals) = postSolution
		SolutionGuid = {A7EFAC79-869B-485D-9531-6C5B27D33016}
	EndGlobalSection
EndGlobal
